
Microsoft Visual Studio Solution File, Format Version 12.00
# Visual Studio Version 17
VisualStudioVersion = 17.0.31903.59
MinimumVisualStudioVersion = 10.0.40219.1
Project("{2150E333-8FDC-42A3-9474-1A3956D46DE8}") = "src", "src", "{827E0CD3-B72D-47B6-A68D-7590B98EB39B}"
EndProject
Project("{FAE04EC0-301F-11D3-BF4B-00C04F79EFBC}") = "OneBear.Domain", "src\OneBear.Domain\OneBear.Domain.csproj", "{1BC4F28D-3EAD-4B7F-AC2D-E652753F8E85}"
EndProject
Project("{FAE04EC0-301F-11D3-BF4B-00C04F79EFBC}") = "OneBear.Application", "src\OneBear.Application\OneBear.Application.csproj", "{0F228D90-03E9-4BC4-BA24-126AC2ABBE29}"
EndProject
Project("{FAE04EC0-301F-11D3-BF4B-00C04F79EFBC}") = "OneBear.Infrastructure", "src\OneBear.Infrastructure\OneBear.Infrastructure.csproj", "{4D4CAFE2-3856-469D-BA07-765D56AC555D}"
EndProject
Project("{FAE04EC0-301F-11D3-BF4B-00C04F79EFBC}") = "OneBear.API", "src\OneBear.API\OneBear.API.csproj", "{52B21D2F-9155-42AB-B7BE-22BE33C67DBA}"
EndProject
Project("{FAE04EC0-301F-11D3-BF4B-00C04F79EFBC}") = "OneBear.Worker", "src\OneBear.Worker\OneBear.Worker.csproj", "{114C4BDA-2B8A-41FB-8BB9-DEDC90463504}"
EndProject
Project("{2150E333-8FDC-42A3-9474-1A3956D46DE8}") = "tests", "tests", "{0AB3BF05-4346-4AA6-1389-037BE0695223}"
EndProject
Project("{FAE04EC0-301F-11D3-BF4B-00C04F79EFBC}") = "OneBear.Domain.Tests", "tests\OneBear.Domain.Tests\OneBear.Domain.Tests.csproj", "{E35718C2-BAA0-4B20-8439-9B3696C8EE70}"
EndProject
Project("{FAE04EC0-301F-11D3-BF4B-00C04F79EFBC}") = "OneBear.Application.Tests", "tests\OneBear.Application.Tests\OneBear.Application.Tests.csproj", "{F27AA595-64A0-445E-8C56-A5831817415F}"
EndProject
Project("{FAE04EC0-301F-11D3-BF4B-00C04F79EFBC}") = "OneBear.Infrastructure.Tests", "tests\OneBear.Infrastructure.Tests\OneBear.Infrastructure.Tests.csproj", "{AD54577F-51DD-49D9-A5DF-8BE9E735A370}"
EndProject
Project("{FAE04EC0-301F-11D3-BF4B-00C04F79EFBC}") = "OneBear.API.Tests", "tests\OneBear.API.Tests\OneBear.API.Tests.csproj", "{C3F488AE-9D65-4E36-BC9F-CAFED7984543}"
EndProject
Project("{FAE04EC0-301F-11D3-BF4B-00C04F79EFBC}") = "OneBear.Worker.Tests", "tests\OneBear.Worker.Tests\OneBear.Worker.Tests.csproj", "{EA772688-85A6-4147-A946-885095E5B570}"
EndProject
Global
	GlobalSection(SolutionConfigurationPlatforms) = preSolution
		Debug|Any CPU = Debug|Any CPU
		Debug|x64 = Debug|x64
		Debug|x86 = Debug|x86
		Release|Any CPU = Release|Any CPU
		Release|x64 = Release|x64
		Release|x86 = Release|x86
	EndGlobalSection
	GlobalSection(ProjectConfigurationPlatforms) = postSolution
		{1BC4F28D-3EAD-4B7F-AC2D-E652753F8E85}.Debug|Any CPU.ActiveCfg = Debug|Any CPU
		{1BC4F28D-3EAD-4B7F-AC2D-E652753F8E85}.Debug|Any CPU.Build.0 = Debug|Any CPU
		{1BC4F28D-3EAD-4B7F-AC2D-E652753F8E85}.Debug|x64.ActiveCfg = Debug|Any CPU
		{1BC4F28D-3EAD-4B7F-AC2D-E652753F8E85}.Debug|x64.Build.0 = Debug|Any CPU
		{1BC4F28D-3EAD-4B7F-AC2D-E652753F8E85}.Debug|x86.ActiveCfg = Debug|Any CPU
		{1BC4F28D-3EAD-4B7F-AC2D-E652753F8E85}.Debug|x86.Build.0 = Debug|Any CPU
		{1BC4F28D-3EAD-4B7F-AC2D-E652753F8E85}.Release|Any CPU.ActiveCfg = Release|Any CPU
		{1BC4F28D-3EAD-4B7F-AC2D-E652753F8E85}.Release|Any CPU.Build.0 = Release|Any CPU
		{1BC4F28D-3EAD-4B7F-AC2D-E652753F8E85}.Release|x64.ActiveCfg = Release|Any CPU
		{1BC4F28D-3EAD-4B7F-AC2D-E652753F8E85}.Release|x64.Build.0 = Release|Any CPU
		{1BC4F28D-3EAD-4B7F-AC2D-E652753F8E85}.Release|x86.ActiveCfg = Release|Any CPU
		{1BC4F28D-3EAD-4B7F-AC2D-E652753F8E85}.Release|x86.Build.0 = Release|Any CPU
		{0F228D90-03E9-4BC4-BA24-126AC2ABBE29}.Debug|Any CPU.ActiveCfg = Debug|Any CPU
		{0F228D90-03E9-4BC4-BA24-126AC2ABBE29}.Debug|Any CPU.Build.0 = Debug|Any CPU
		{0F228D90-03E9-4BC4-BA24-126AC2ABBE29}.Debug|x64.ActiveCfg = Debug|Any CPU
		{0F228D90-03E9-4BC4-BA24-126AC2ABBE29}.Debug|x64.Build.0 = Debug|Any CPU
		{0F228D90-03E9-4BC4-BA24-126AC2ABBE29}.Debug|x86.ActiveCfg = Debug|Any CPU
		{0F228D90-03E9-4BC4-BA24-126AC2ABBE29}.Debug|x86.Build.0 = Debug|Any CPU
		{0F228D90-03E9-4BC4-BA24-126AC2ABBE29}.Release|Any CPU.ActiveCfg = Release|Any CPU
		{0F228D90-03E9-4BC4-BA24-126AC2ABBE29}.Release|Any CPU.Build.0 = Release|Any CPU
		{0F228D90-03E9-4BC4-BA24-126AC2ABBE29}.Release|x64.ActiveCfg = Release|Any CPU
		{0F228D90-03E9-4BC4-BA24-126AC2ABBE29}.Release|x64.Build.0 = Release|Any CPU
		{0F228D90-03E9-4BC4-BA24-126AC2ABBE29}.Release|x86.ActiveCfg = Release|Any CPU
		{0F228D90-03E9-4BC4-BA24-126AC2ABBE29}.Release|x86.Build.0 = Release|Any CPU
		{4D4CAFE2-3856-469D-BA07-765D56AC555D}.Debug|Any CPU.ActiveCfg = Debug|Any CPU
		{4D4CAFE2-3856-469D-BA07-765D56AC555D}.Debug|Any CPU.Build.0 = Debug|Any CPU
		{4D4CAFE2-3856-469D-BA07-765D56AC555D}.Debug|x64.ActiveCfg = Debug|Any CPU
		{4D4CAFE2-3856-469D-BA07-765D56AC555D}.Debug|x64.Build.0 = Debug|Any CPU
		{4D4CAFE2-3856-469D-BA07-765D56AC555D}.Debug|x86.ActiveCfg = Debug|Any CPU
		{4D4CAFE2-3856-469D-BA07-765D56AC555D}.Debug|x86.Build.0 = Debug|Any CPU
		{4D4CAFE2-3856-469D-BA07-765D56AC555D}.Release|Any CPU.ActiveCfg = Release|Any CPU
		{4D4CAFE2-3856-469D-BA07-765D56AC555D}.Release|Any CPU.Build.0 = Release|Any CPU
		{4D4CAFE2-3856-469D-BA07-765D56AC555D}.Release|x64.ActiveCfg = Release|Any CPU
		{4D4CAFE2-3856-469D-BA07-765D56AC555D}.Release|x64.Build.0 = Release|Any CPU
		{4D4CAFE2-3856-469D-BA07-765D56AC555D}.Release|x86.ActiveCfg = Release|Any CPU
		{4D4CAFE2-3856-469D-BA07-765D56AC555D}.Release|x86.Build.0 = Release|Any CPU
		{52B21D2F-9155-42AB-B7BE-22BE33C67DBA}.Debug|Any CPU.ActiveCfg = Debug|Any CPU
		{52B21D2F-9155-42AB-B7BE-22BE33C67DBA}.Debug|Any CPU.Build.0 = Debug|Any CPU
		{52B21D2F-9155-42AB-B7BE-22BE33C67DBA}.Debug|x64.ActiveCfg = Debug|Any CPU
		{52B21D2F-9155-42AB-B7BE-22BE33C67DBA}.Debug|x64.Build.0 = Debug|Any CPU
		{52B21D2F-9155-42AB-B7BE-22BE33C67DBA}.Debug|x86.ActiveCfg = Debug|Any CPU
		{52B21D2F-9155-42AB-B7BE-22BE33C67DBA}.Debug|x86.Build.0 = Debug|Any CPU
		{52B21D2F-9155-42AB-B7BE-22BE33C67DBA}.Release|Any CPU.ActiveCfg = Release|Any CPU
		{52B21D2F-9155-42AB-B7BE-22BE33C67DBA}.Release|Any CPU.Build.0 = Release|Any CPU
		{52B21D2F-9155-42AB-B7BE-22BE33C67DBA}.Release|x64.ActiveCfg = Release|Any CPU
		{52B21D2F-9155-42AB-B7BE-22BE33C67DBA}.Release|x64.Build.0 = Release|Any CPU
		{52B21D2F-9155-42AB-B7BE-22BE33C67DBA}.Release|x86.ActiveCfg = Release|Any CPU
		{52B21D2F-9155-42AB-B7BE-22BE33C67DBA}.Release|x86.Build.0 = Release|Any CPU
		{114C4BDA-2B8A-41FB-8BB9-DEDC90463504}.Debug|Any CPU.ActiveCfg = Debug|Any CPU
		{114C4BDA-2B8A-41FB-8BB9-DEDC90463504}.Debug|Any CPU.Build.0 = Debug|Any CPU
		{114C4BDA-2B8A-41FB-8BB9-DEDC90463504}.Debug|x64.ActiveCfg = Debug|Any CPU
		{114C4BDA-2B8A-41FB-8BB9-DEDC90463504}.Debug|x64.Build.0 = Debug|Any CPU
		{114C4BDA-2B8A-41FB-8BB9-DEDC90463504}.Debug|x86.ActiveCfg = Debug|Any CPU
		{114C4BDA-2B8A-41FB-8BB9-DEDC90463504}.Debug|x86.Build.0 = Debug|Any CPU
		{114C4BDA-2B8A-41FB-8BB9-DEDC90463504}.Release|Any CPU.ActiveCfg = Release|Any CPU
		{114C4BDA-2B8A-41FB-8BB9-DEDC90463504}.Release|Any CPU.Build.0 = Release|Any CPU
		{114C4BDA-2B8A-41FB-8BB9-DEDC90463504}.Release|x64.ActiveCfg = Release|Any CPU
		{114C4BDA-2B8A-41FB-8BB9-DEDC90463504}.Release|x64.Build.0 = Release|Any CPU
		{114C4BDA-2B8A-41FB-8BB9-DEDC90463504}.Release|x86.ActiveCfg = Release|Any CPU
		{114C4BDA-2B8A-41FB-8BB9-DEDC90463504}.Release|x86.Build.0 = Release|Any CPU
		{E35718C2-BAA0-4B20-8439-9B3696C8EE70}.Debug|Any CPU.ActiveCfg = Debug|Any CPU
		{E35718C2-BAA0-4B20-8439-9B3696C8EE70}.Debug|Any CPU.Build.0 = Debug|Any CPU
		{E35718C2-BAA0-4B20-8439-9B3696C8EE70}.Debug|x64.ActiveCfg = Debug|Any CPU
		{E35718C2-BAA0-4B20-8439-9B3696C8EE70}.Debug|x64.Build.0 = Debug|Any CPU
		{E35718C2-BAA0-4B20-8439-9B3696C8EE70}.Debug|x86.ActiveCfg = Debug|Any CPU
		{E35718C2-BAA0-4B20-8439-9B3696C8EE70}.Debug|x86.Build.0 = Debug|Any CPU
		{E35718C2-BAA0-4B20-8439-9B3696C8EE70}.Release|Any CPU.ActiveCfg = Release|Any CPU
		{E35718C2-BAA0-4B20-8439-9B3696C8EE70}.Release|Any CPU.Build.0 = Release|Any CPU
		{E35718C2-BAA0-4B20-8439-9B3696C8EE70}.Release|x64.ActiveCfg = Release|Any CPU
		{E35718C2-BAA0-4B20-8439-9B3696C8EE70}.Release|x64.Build.0 = Release|Any CPU
		{E35718C2-BAA0-4B20-8439-9B3696C8EE70}.Release|x86.ActiveCfg = Release|Any CPU
		{E35718C2-BAA0-4B20-8439-9B3696C8EE70}.Release|x86.Build.0 = Release|Any CPU
		{F27AA595-64A0-445E-8C56-A5831817415F}.Debug|Any CPU.ActiveCfg = Debug|Any CPU
		{F27AA595-64A0-445E-8C56-A5831817415F}.Debug|Any CPU.Build.0 = Debug|Any CPU
		{F27AA595-64A0-445E-8C56-A5831817415F}.Debug|x64.ActiveCfg = Debug|Any CPU
		{F27AA595-64A0-445E-8C56-A5831817415F}.Debug|x64.Build.0 = Debug|Any CPU
		{F27AA595-64A0-445E-8C56-A5831817415F}.Debug|x86.ActiveCfg = Debug|Any CPU
		{F27AA595-64A0-445E-8C56-A5831817415F}.Debug|x86.Build.0 = Debug|Any CPU
		{F27AA595-64A0-445E-8C56-A5831817415F}.Release|Any CPU.ActiveCfg = Release|Any CPU
		{F27AA595-64A0-445E-8C56-A5831817415F}.Release|Any CPU.Build.0 = Release|Any CPU
		{F27AA595-64A0-445E-8C56-A5831817415F}.Release|x64.ActiveCfg = Release|Any CPU
		{F27AA595-64A0-445E-8C56-A5831817415F}.Release|x64.Build.0 = Release|Any CPU
		{F27AA595-64A0-445E-8C56-A5831817415F}.Release|x86.ActiveCfg = Release|Any CPU
		{F27AA595-64A0-445E-8C56-A5831817415F}.Release|x86.Build.0 = Release|Any CPU
		{AD54577F-51DD-49D9-A5DF-8BE9E735A370}.Debug|Any CPU.ActiveCfg = Debug|Any CPU
		{AD54577F-51DD-49D9-A5DF-8BE9E735A370}.Debug|Any CPU.Build.0 = Debug|Any CPU
		{AD54577F-51DD-49D9-A5DF-8BE9E735A370}.Debug|x64.ActiveCfg = Debug|Any CPU
		{AD54577F-51DD-49D9-A5DF-8BE9E735A370}.Debug|x64.Build.0 = Debug|Any CPU
		{AD54577F-51DD-49D9-A5DF-8BE9E735A370}.Debug|x86.ActiveCfg = Debug|Any CPU
		{AD54577F-51DD-49D9-A5DF-8BE9E735A370}.Debug|x86.Build.0 = Debug|Any CPU
		{AD54577F-51DD-49D9-A5DF-8BE9E735A370}.Release|Any CPU.ActiveCfg = Release|Any CPU
		{AD54577F-51DD-49D9-A5DF-8BE9E735A370}.Release|Any CPU.Build.0 = Release|Any CPU
		{AD54577F-51DD-49D9-A5DF-8BE9E735A370}.Release|x64.ActiveCfg = Release|Any CPU
		{AD54577F-51DD-49D9-A5DF-8BE9E735A370}.Release|x64.Build.0 = Release|Any CPU
		{AD54577F-51DD-49D9-A5DF-8BE9E735A370}.Release|x86.ActiveCfg = Release|Any CPU
		{AD54577F-51DD-49D9-A5DF-8BE9E735A370}.Release|x86.Build.0 = Release|Any CPU
		{C3F488AE-9D65-4E36-BC9F-CAFED7984543}.Debug|Any CPU.ActiveCfg = Debug|Any CPU
		{C3F488AE-9D65-4E36-BC9F-CAFED7984543}.Debug|Any CPU.Build.0 = Debug|Any CPU
		{C3F488AE-9D65-4E36-BC9F-CAFED7984543}.Debug|x64.ActiveCfg = Debug|Any CPU
		{C3F488AE-9D65-4E36-BC9F-CAFED7984543}.Debug|x64.Build.0 = Debug|Any CPU
		{C3F488AE-9D65-4E36-BC9F-CAFED7984543}.Debug|x86.ActiveCfg = Debug|Any CPU
		{C3F488AE-9D65-4E36-BC9F-CAFED7984543}.Debug|x86.Build.0 = Debug|Any CPU
		{C3F488AE-9D65-4E36-BC9F-CAFED7984543}.Release|Any CPU.ActiveCfg = Release|Any CPU
		{C3F488AE-9D65-4E36-BC9F-CAFED7984543}.Release|Any CPU.Build.0 = Release|Any CPU
		{C3F488AE-9D65-4E36-BC9F-CAFED7984543}.Release|x64.ActiveCfg = Release|Any CPU
		{C3F488AE-9D65-4E36-BC9F-CAFED7984543}.Release|x64.Build.0 = Release|Any CPU
		{C3F488AE-9D65-4E36-BC9F-CAFED7984543}.Release|x86.ActiveCfg = Release|Any CPU
		{C3F488AE-9D65-4E36-BC9F-CAFED7984543}.Release|x86.Build.0 = Release|Any CPU
		{EA772688-85A6-4147-A946-885095E5B570}.Debug|Any CPU.ActiveCfg = Debug|Any CPU
		{EA772688-85A6-4147-A946-885095E5B570}.Debug|Any CPU.Build.0 = Debug|Any CPU
		{EA772688-85A6-4147-A946-885095E5B570}.Debug|x64.ActiveCfg = Debug|Any CPU
		{EA772688-85A6-4147-A946-885095E5B570}.Debug|x64.Build.0 = Debug|Any CPU
		{EA772688-85A6-4147-A946-885095E5B570}.Debug|x86.ActiveCfg = Debug|Any CPU
		{EA772688-85A6-4147-A946-885095E5B570}.Debug|x86.Build.0 = Debug|Any CPU
		{EA772688-85A6-4147-A946-885095E5B570}.Release|Any CPU.ActiveCfg = Release|Any CPU
		{EA772688-85A6-4147-A946-885095E5B570}.Release|Any CPU.Build.0 = Release|Any CPU
		{EA772688-85A6-4147-A946-885095E5B570}.Release|x64.ActiveCfg = Release|Any CPU
		{EA772688-85A6-4147-A946-885095E5B570}.Release|x64.Build.0 = Release|Any CPU
		{EA772688-85A6-4147-A946-885095E5B570}.Release|x86.ActiveCfg = Release|Any CPU
		{EA772688-85A6-4147-A946-885095E5B570}.Release|x86.Build.0 = Release|Any CPU
	EndGlobalSection
	GlobalSection(SolutionProperties) = preSolution
		HideSolutionNode = FALSE
	EndGlobalSection
	GlobalSection(NestedProjects) = preSolution
		{1BC4F28D-3EAD-4B7F-AC2D-E652753F8E85} = {827E0CD3-B72D-47B6-A68D-7590B98EB39B}
		{0F228D90-03E9-4BC4-BA24-126AC2ABBE29} = {827E0CD3-B72D-47B6-A68D-7590B98EB39B}
		{4D4CAFE2-3856-469D-BA07-765D56AC555D} = {827E0CD3-B72D-47B6-A68D-7590B98EB39B}
		{52B21D2F-9155-42AB-B7BE-22BE33C67DBA} = {827E0CD3-B72D-47B6-A68D-7590B98EB39B}
		{114C4BDA-2B8A-41FB-8BB9-DEDC90463504} = {827E0CD3-B72D-47B6-A68D-7590B98EB39B}
		{E35718C2-BAA0-4B20-8439-9B3696C8EE70} = {0AB3BF05-4346-4AA6-1389-037BE0695223}
		{F27AA595-64A0-445E-8C56-A5831817415F} = {0AB3BF05-4346-4AA6-1389-037BE0695223}
		{AD54577F-51DD-49D9-A5DF-8BE9E735A370} = {0AB3BF05-4346-4AA6-1389-037BE0695223}
		{C3F488AE-9D65-4E36-BC9F-CAFED7984543} = {0AB3BF05-4346-4AA6-1389-037BE0695223}
		{EA772688-85A6-4147-A946-885095E5B570} = {0AB3BF05-4346-4AA6-1389-037BE0695223}
	EndGlobalSection
EndGlobal
